
Microsoft Visual Studio Solution File, Format Version 12.00
# Visual Studio Version 17
VisualStudioVersion = 17.0.31903.59
MinimumVisualStudioVersion = 10.0.40219.1
Project("{FAE04EC0-301F-11D3-BF4B-00C04F79EFBC}") = "AgentHost", "src\AgentHost\AgentHost.csproj", "{A1B2C3D4-1234-5678-9ABC-DEF012345678}"
EndProject
Project("{2150E333-8FDC-42A3-9474-1A3956D46DE8}") = "src", "src", "{827E0CD3-B72D-47B6-A68D-7590B98EB39B}"
EndProject
Project("{FAE04EC0-301F-11D3-BF4B-00C04F79EFBC}") = "AgentHost.Core", "src\AgentHost.Core\AgentHost.Core.csproj", "{5CF81E9A-C45D-4A92-A7B1-CBF45AC8A8A8}"
EndProject
Project("{FAE04EC0-301F-11D3-BF4B-00C04F79EFBC}") = "AgentHost.Llm", "src\AgentHost.Llm\AgentHost.Llm.csproj", "{37F5847F-9CD0-445F-B303-142ADEF4F636}"
EndProject
Project("{FAE04EC0-301F-11D3-BF4B-00C04F79EFBC}") = "AgentHost.Indexing", "src\AgentHost.Indexing\AgentHost.Indexing.csproj", "{B62A99B3-D284-4604-B49A-AD491BBD4A9E}"
EndProject
Project("{FAE04EC0-301F-11D3-BF4B-00C04F79EFBC}") = "AgentHost.Repositories", "src\AgentHost.Repositories\AgentHost.Repositories.csproj", "{50E7DE62-43AA-4DE4-B1D7-D5438CD10AD9}"
EndProject
Project("{2150E333-8FDC-42A3-9474-1A3956D46DE8}") = "tests", "tests", "{0AB3BF05-4346-4AA6-1389-037BE0695223}"
EndProject
Project("{FAE04EC0-301F-11D3-BF4B-00C04F79EFBC}") = "AgentHost.Tests", "tests\AgentHost.Tests\AgentHost.Tests.csproj", "{CA69CE08-A003-497A-8411-5D036D31E93A}"
EndProject
Project("{FAE04EC0-301F-11D3-BF4B-00C04F79EFBC}") = "AgentHost.Indexing.Tests", "tests\AgentHost.Indexing.Tests\AgentHost.Indexing.Tests.csproj", "{C0B48A63-3B77-442C-BC37-116A0ED31042}"
EndProject
Project("{FAE04EC0-301F-11D3-BF4B-00C04F79EFBC}") = "AgentHost.McpBridge", "src\AgentHost.McpBridge\AgentHost.McpBridge.csproj", "{D3EE12DA-9AD2-4CC3-B0BC-03169FEC3545}"
EndProject
Project("{FAE04EC0-301F-11D3-BF4B-00C04F79EFBC}") = "AgentHost.McpBridge.Tests", "tests\AgentHost.McpBridge.Tests\AgentHost.McpBridge.Tests.csproj", "{D5F522DC-7168-4F36-AEFF-6DCA2C1BEFCC}"
EndProject
Project("{2150E333-8FDC-42A3-9474-1A3956D46DE8}") = "evals", "evals", "{33F416D4-75A6-5DA4-5B8E-78754CDB7034}"
EndProject
Project("{FAE04EC0-301F-11D3-BF4B-00C04F79EFBC}") = "EvalRunner", "evals\runner\EvalRunner.csproj", "{68909CCC-A902-467E-ACF1-1AC19C8371CD}"
EndProject
Global
	GlobalSection(SolutionConfigurationPlatforms) = preSolution
		Debug|Any CPU = Debug|Any CPU
		Debug|x64 = Debug|x64
		Debug|x86 = Debug|x86
		Release|Any CPU = Release|Any CPU
		Release|x64 = Release|x64
		Release|x86 = Release|x86
	EndGlobalSection
	GlobalSection(ProjectConfigurationPlatforms) = postSolution
		{A1B2C3D4-1234-5678-9ABC-DEF012345678}.Debug|Any CPU.ActiveCfg = Debug|Any CPU
		{A1B2C3D4-1234-5678-9ABC-DEF012345678}.Debug|Any CPU.Build.0 = Debug|Any CPU
		{A1B2C3D4-1234-5678-9ABC-DEF012345678}.Debug|x64.ActiveCfg = Debug|Any CPU
		{A1B2C3D4-1234-5678-9ABC-DEF012345678}.Debug|x64.Build.0 = Debug|Any CPU
		{A1B2C3D4-1234-5678-9ABC-DEF012345678}.Debug|x86.ActiveCfg = Debug|Any CPU
		{A1B2C3D4-1234-5678-9ABC-DEF012345678}.Debug|x86.Build.0 = Debug|Any CPU
		{A1B2C3D4-1234-5678-9ABC-DEF012345678}.Release|Any CPU.ActiveCfg = Release|Any CPU
		{A1B2C3D4-1234-5678-9ABC-DEF012345678}.Release|Any CPU.Build.0 = Release|Any CPU
		{A1B2C3D4-1234-5678-9ABC-DEF012345678}.Release|x64.ActiveCfg = Release|Any CPU
		{A1B2C3D4-1234-5678-9ABC-DEF012345678}.Release|x64.Build.0 = Release|Any CPU
		{A1B2C3D4-1234-5678-9ABC-DEF012345678}.Release|x86.ActiveCfg = Release|Any CPU
		{A1B2C3D4-1234-5678-9ABC-DEF012345678}.Release|x86.Build.0 = Release|Any CPU
		{5CF81E9A-C45D-4A92-A7B1-CBF45AC8A8A8}.Debug|Any CPU.ActiveCfg = Debug|Any CPU
		{5CF81E9A-C45D-4A92-A7B1-CBF45AC8A8A8}.Debug|Any CPU.Build.0 = Debug|Any CPU
		{5CF81E9A-C45D-4A92-A7B1-CBF45AC8A8A8}.Debug|x64.ActiveCfg = Debug|Any CPU
		{5CF81E9A-C45D-4A92-A7B1-CBF45AC8A8A8}.Debug|x64.Build.0 = Debug|Any CPU
		{5CF81E9A-C45D-4A92-A7B1-CBF45AC8A8A8}.Debug|x86.ActiveCfg = Debug|Any CPU
		{5CF81E9A-C45D-4A92-A7B1-CBF45AC8A8A8}.Debug|x86.Build.0 = Debug|Any CPU
		{5CF81E9A-C45D-4A92-A7B1-CBF45AC8A8A8}.Release|Any CPU.ActiveCfg = Release|Any CPU
		{5CF81E9A-C45D-4A92-A7B1-CBF45AC8A8A8}.Release|Any CPU.Build.0 = Release|Any CPU
		{5CF81E9A-C45D-4A92-A7B1-CBF45AC8A8A8}.Release|x64.ActiveCfg = Release|Any CPU
		{5CF81E9A-C45D-4A92-A7B1-CBF45AC8A8A8}.Release|x64.Build.0 = Release|Any CPU
		{5CF81E9A-C45D-4A92-A7B1-CBF45AC8A8A8}.Release|x86.ActiveCfg = Release|Any CPU
		{5CF81E9A-C45D-4A92-A7B1-CBF45AC8A8A8}.Release|x86.Build.0 = Release|Any CPU
		{37F5847F-9CD0-445F-B303-142ADEF4F636}.Debug|Any CPU.ActiveCfg = Debug|Any CPU
		{37F5847F-9CD0-445F-B303-142ADEF4F636}.Debug|Any CPU.Build.0 = Debug|Any CPU
		{37F5847F-9CD0-445F-B303-142ADEF4F636}.Debug|x64.ActiveCfg = Debug|Any CPU
		{37F5847F-9CD0-445F-B303-142ADEF4F636}.Debug|x64.Build.0 = Debug|Any CPU
		{37F5847F-9CD0-445F-B303-142ADEF4F636}.Debug|x86.ActiveCfg = Debug|Any CPU
		{37F5847F-9CD0-445F-B303-142ADEF4F636}.Debug|x86.Build.0 = Debug|Any CPU
		{37F5847F-9CD0-445F-B303-142ADEF4F636}.Release|Any CPU.ActiveCfg = Release|Any CPU
		{37F5847F-9CD0-445F-B303-142ADEF4F636}.Release|Any CPU.Build.0 = Release|Any CPU
		{37F5847F-9CD0-445F-B303-142ADEF4F636}.Release|x64.ActiveCfg = Release|Any CPU
		{37F5847F-9CD0-445F-B303-142ADEF4F636}.Release|x64.Build.0 = Release|Any CPU
		{37F5847F-9CD0-445F-B303-142ADEF4F636}.Release|x86.ActiveCfg = Release|Any CPU
		{37F5847F-9CD0-445F-B303-142ADEF4F636}.Release|x86.Build.0 = Release|Any CPU
		{B62A99B3-D284-4604-B49A-AD491BBD4A9E}.Debug|Any CPU.ActiveCfg = Debug|Any CPU
		{B62A99B3-D284-4604-B49A-AD491BBD4A9E}.Debug|Any CPU.Build.0 = Debug|Any CPU
		{B62A99B3-D284-4604-B49A-AD491BBD4A9E}.Debug|x64.ActiveCfg = Debug|Any CPU
		{B62A99B3-D284-4604-B49A-AD491BBD4A9E}.Debug|x64.Build.0 = Debug|Any CPU
		{B62A99B3-D284-4604-B49A-AD491BBD4A9E}.Debug|x86.ActiveCfg = Debug|Any CPU
		{B62A99B3-D284-4604-B49A-AD491BBD4A9E}.Debug|x86.Build.0 = Debug|Any CPU
		{B62A99B3-D284-4604-B49A-AD491BBD4A9E}.Release|Any CPU.ActiveCfg = Release|Any CPU
		{B62A99B3-D284-4604-B49A-AD491BBD4A9E}.Release|Any CPU.Build.0 = Release|Any CPU
		{B62A99B3-D284-4604-B49A-AD491BBD4A9E}.Release|x64.ActiveCfg = Release|Any CPU
		{B62A99B3-D284-4604-B49A-AD491BBD4A9E}.Release|x64.Build.0 = Release|Any CPU
		{B62A99B3-D284-4604-B49A-AD491BBD4A9E}.Release|x86.ActiveCfg = Release|Any CPU
		{B62A99B3-D284-4604-B49A-AD491BBD4A9E}.Release|x86.Build.0 = Release|Any CPU
		{50E7DE62-43AA-4DE4-B1D7-D5438CD10AD9}.Debug|Any CPU.ActiveCfg = Debug|Any CPU
		{50E7DE62-43AA-4DE4-B1D7-D5438CD10AD9}.Debug|Any CPU.Build.0 = Debug|Any CPU
		{50E7DE62-43AA-4DE4-B1D7-D5438CD10AD9}.Debug|x64.ActiveCfg = Debug|Any CPU
		{50E7DE62-43AA-4DE4-B1D7-D5438CD10AD9}.Debug|x64.Build.0 = Debug|Any CPU
		{50E7DE62-43AA-4DE4-B1D7-D5438CD10AD9}.Debug|x86.ActiveCfg = Debug|Any CPU
		{50E7DE62-43AA-4DE4-B1D7-D5438CD10AD9}.Debug|x86.Build.0 = Debug|Any CPU
		{50E7DE62-43AA-4DE4-B1D7-D5438CD10AD9}.Release|Any CPU.ActiveCfg = Release|Any CPU
		{50E7DE62-43AA-4DE4-B1D7-D5438CD10AD9}.Release|Any CPU.Build.0 = Release|Any CPU
		{50E7DE62-43AA-4DE4-B1D7-D5438CD10AD9}.Release|x64.ActiveCfg = Release|Any CPU
		{50E7DE62-43AA-4DE4-B1D7-D5438CD10AD9}.Release|x64.Build.0 = Release|Any CPU
		{50E7DE62-43AA-4DE4-B1D7-D5438CD10AD9}.Release|x86.ActiveCfg = Release|Any CPU
		{50E7DE62-43AA-4DE4-B1D7-D5438CD10AD9}.Release|x86.Build.0 = Release|Any CPU
		{CA69CE08-A003-497A-8411-5D036D31E93A}.Debug|Any CPU.ActiveCfg = Debug|Any CPU
		{CA69CE08-A003-497A-8411-5D036D31E93A}.Debug|Any CPU.Build.0 = Debug|Any CPU
		{CA69CE08-A003-497A-8411-5D036D31E93A}.Debug|x64.ActiveCfg = Debug|Any CPU
		{CA69CE08-A003-497A-8411-5D036D31E93A}.Debug|x64.Build.0 = Debug|Any CPU
		{CA69CE08-A003-497A-8411-5D036D31E93A}.Debug|x86.ActiveCfg = Debug|Any CPU
		{CA69CE08-A003-497A-8411-5D036D31E93A}.Debug|x86.Build.0 = Debug|Any CPU
		{CA69CE08-A003-497A-8411-5D036D31E93A}.Release|Any CPU.ActiveCfg = Release|Any CPU
		{CA69CE08-A003-497A-8411-5D036D31E93A}.Release|Any CPU.Build.0 = Release|Any CPU
		{CA69CE08-A003-497A-8411-5D036D31E93A}.Release|x64.ActiveCfg = Release|Any CPU
		{CA69CE08-A003-497A-8411-5D036D31E93A}.Release|x64.Build.0 = Release|Any CPU
		{CA69CE08-A003-497A-8411-5D036D31E93A}.Release|x86.ActiveCfg = Release|Any CPU
		{CA69CE08-A003-497A-8411-5D036D31E93A}.Release|x86.Build.0 = Release|Any CPU
		{C0B48A63-3B77-442C-BC37-116A0ED31042}.Debug|Any CPU.ActiveCfg = Debug|Any CPU
		{C0B48A63-3B77-442C-BC37-116A0ED31042}.Debug|Any CPU.Build.0 = Debug|Any CPU
		{C0B48A63-3B77-442C-BC37-116A0ED31042}.Debug|x64.ActiveCfg = Debug|Any CPU
		{C0B48A63-3B77-442C-BC37-116A0ED31042}.Debug|x64.Build.0 = Debug|Any CPU
		{C0B48A63-3B77-442C-BC37-116A0ED31042}.Debug|x86.ActiveCfg = Debug|Any CPU
		{C0B48A63-3B77-442C-BC37-116A0ED31042}.Debug|x86.Build.0 = Debug|Any CPU
		{C0B48A63-3B77-442C-BC37-116A0ED31042}.Release|Any CPU.ActiveCfg = Release|Any CPU
		{C0B48A63-3B77-442C-BC37-116A0ED31042}.Release|Any CPU.Build.0 = Release|Any CPU
		{C0B48A63-3B77-442C-BC37-116A0ED31042}.Release|x64.ActiveCfg = Release|Any CPU
		{C0B48A63-3B77-442C-BC37-116A0ED31042}.Release|x64.Build.0 = Release|Any CPU
		{C0B48A63-3B77-442C-BC37-116A0ED31042}.Release|x86.ActiveCfg = Release|Any CPU
		{C0B48A63-3B77-442C-BC37-116A0ED31042}.Release|x86.Build.0 = Release|Any CPU
		{D3EE12DA-9AD2-4CC3-B0BC-03169FEC3545}.Debug|Any CPU.ActiveCfg = Debug|Any CPU
		{D3EE12DA-9AD2-4CC3-B0BC-03169FEC3545}.Debug|Any CPU.Build.0 = Debug|Any CPU
		{D3EE12DA-9AD2-4CC3-B0BC-03169FEC3545}.Debug|x64.ActiveCfg = Debug|Any CPU
		{D3EE12DA-9AD2-4CC3-B0BC-03169FEC3545}.Debug|x64.Build.0 = Debug|Any CPU
		{D3EE12DA-9AD2-4CC3-B0BC-03169FEC3545}.Debug|x86.ActiveCfg = Debug|Any CPU
		{D3EE12DA-9AD2-4CC3-B0BC-03169FEC3545}.Debug|x86.Build.0 = Debug|Any CPU
		{D3EE12DA-9AD2-4CC3-B0BC-03169FEC3545}.Release|Any CPU.ActiveCfg = Release|Any CPU
		{D3EE12DA-9AD2-4CC3-B0BC-03169FEC3545}.Release|Any CPU.Build.0 = Release|Any CPU
		{D3EE12DA-9AD2-4CC3-B0BC-03169FEC3545}.Release|x64.ActiveCfg = Release|Any CPU
		{D3EE12DA-9AD2-4CC3-B0BC-03169FEC3545}.Release|x64.Build.0 = Release|Any CPU
		{D3EE12DA-9AD2-4CC3-B0BC-03169FEC3545}.Release|x86.ActiveCfg = Release|Any CPU
		{D3EE12DA-9AD2-4CC3-B0BC-03169FEC3545}.Release|x86.Build.0 = Release|Any CPU
		{D5F522DC-7168-4F36-AEFF-6DCA2C1BEFCC}.Debug|Any CPU.ActiveCfg = Debug|Any CPU
		{D5F522DC-7168-4F36-AEFF-6DCA2C1BEFCC}.Debug|Any CPU.Build.0 = Debug|Any CPU
		{D5F522DC-7168-4F36-AEFF-6DCA2C1BEFCC}.Debug|x64.ActiveCfg = Debug|Any CPU
		{D5F522DC-7168-4F36-AEFF-6DCA2C1BEFCC}.Debug|x64.Build.0 = Debug|Any CPU
		{D5F522DC-7168-4F36-AEFF-6DCA2C1BEFCC}.Debug|x86.ActiveCfg = Debug|Any CPU
		{D5F522DC-7168-4F36-AEFF-6DCA2C1BEFCC}.Debug|x86.Build.0 = Debug|Any CPU
		{D5F522DC-7168-4F36-AEFF-6DCA2C1BEFCC}.Release|Any CPU.ActiveCfg = Release|Any CPU
		{D5F522DC-7168-4F36-AEFF-6DCA2C1BEFCC}.Release|Any CPU.Build.0 = Release|Any CPU
		{D5F522DC-7168-4F36-AEFF-6DCA2C1BEFCC}.Release|x64.ActiveCfg = Release|Any CPU
		{D5F522DC-7168-4F36-AEFF-6DCA2C1BEFCC}.Release|x64.Build.0 = Release|Any CPU
		{D5F522DC-7168-4F36-AEFF-6DCA2C1BEFCC}.Release|x86.ActiveCfg = Release|Any CPU
		{D5F522DC-7168-4F36-AEFF-6DCA2C1BEFCC}.Release|x86.Build.0 = Release|Any CPU
		{68909CCC-A902-467E-ACF1-1AC19C8371CD}.Debug|Any CPU.ActiveCfg = Debug|Any CPU
		{68909CCC-A902-467E-ACF1-1AC19C8371CD}.Debug|Any CPU.Build.0 = Debug|Any CPU
		{68909CCC-A902-467E-ACF1-1AC19C8371CD}.Debug|x64.ActiveCfg = Debug|Any CPU
		{68909CCC-A902-467E-ACF1-1AC19C8371CD}.Debug|x64.Build.0 = Debug|Any CPU
		{68909CCC-A902-467E-ACF1-1AC19C8371CD}.Debug|x86.ActiveCfg = Debug|Any CPU
		{68909CCC-A902-467E-ACF1-1AC19C8371CD}.Debug|x86.Build.0 = Debug|Any CPU
		{68909CCC-A902-467E-ACF1-1AC19C8371CD}.Release|Any CPU.ActiveCfg = Release|Any CPU
		{68909CCC-A902-467E-ACF1-1AC19C8371CD}.Release|Any CPU.Build.0 = Release|Any CPU
		{68909CCC-A902-467E-ACF1-1AC19C8371CD}.Release|x64.ActiveCfg = Release|Any CPU
		{68909CCC-A902-467E-ACF1-1AC19C8371CD}.Release|x64.Build.0 = Release|Any CPU
		{68909CCC-A902-467E-ACF1-1AC19C8371CD}.Release|x86.ActiveCfg = Release|Any CPU
		{68909CCC-A902-467E-ACF1-1AC19C8371CD}.Release|x86.Build.0 = Release|Any CPU
	EndGlobalSection
	GlobalSection(SolutionProperties) = preSolution
		HideSolutionNode = FALSE
	EndGlobalSection
	GlobalSection(NestedProjects) = preSolution
		{5CF81E9A-C45D-4A92-A7B1-CBF45AC8A8A8} = {827E0CD3-B72D-47B6-A68D-7590B98EB39B}
		{37F5847F-9CD0-445F-B303-142ADEF4F636} = {827E0CD3-B72D-47B6-A68D-7590B98EB39B}
		{B62A99B3-D284-4604-B49A-AD491BBD4A9E} = {827E0CD3-B72D-47B6-A68D-7590B98EB39B}
		{50E7DE62-43AA-4DE4-B1D7-D5438CD10AD9} = {827E0CD3-B72D-47B6-A68D-7590B98EB39B}
		{CA69CE08-A003-497A-8411-5D036D31E93A} = {0AB3BF05-4346-4AA6-1389-037BE0695223}
		{C0B48A63-3B77-442C-BC37-116A0ED31042} = {0AB3BF05-4346-4AA6-1389-037BE0695223}
		{D3EE12DA-9AD2-4CC3-B0BC-03169FEC3545} = {827E0CD3-B72D-47B6-A68D-7590B98EB39B}
		{D5F522DC-7168-4F36-AEFF-6DCA2C1BEFCC} = {0AB3BF05-4346-4AA6-1389-037BE0695223}
		{68909CCC-A902-467E-ACF1-1AC19C8371CD} = {33F416D4-75A6-5DA4-5B8E-78754CDB7034}
	EndGlobalSection
EndGlobal
